
Microsoft Visual Studio Solution File, Format Version 12.00
# Visual Studio 15
VisualStudioVersion = 15.0.28010.2046
MinimumVisualStudioVersion = 10.0.40219.1
Project("{FAE04EC0-301F-11D3-BF4B-00C04F79EFBC}") = "HelloWorld.Android", "HelloWorld\HelloWorld.Android\HelloWorld.Android.csproj", "{8A545055-AF0E-43D1-BA79-294A85778180}"
EndProject
Project("{FAE04EC0-301F-11D3-BF4B-00C04F79EFBC}") = "HelloWorld.iOS", "HelloWorld\HelloWorld.iOS\HelloWorld.iOS.csproj", "{BE47FB47-3E63-4704-8E9A-D012EBB7D3BD}"
EndProject
Project("{FAE04EC0-301F-11D3-BF4B-00C04F79EFBC}") = "HelloWorld.UWP", "HelloWorld\HelloWorld.UWP\HelloWorld.UWP.csproj", "{CFAE49C5-EF84-449B-B73B-2C120DB4E570}"
EndProject
Project("{D954291E-2A0B-460D-934E-DC6B0785DB48}") = "HelloWorld", "HelloWorld\HelloWorld\HelloWorld.shproj", "{FD525A79-E21E-456F-8005-8F4D18591DFE}"
EndProject
Global
	GlobalSection(SharedMSBuildProjectFiles) = preSolution
		HelloWorld\HelloWorld\HelloWorld.projitems*{8a545055-af0e-43d1-ba79-294a85778180}*SharedItemsImports = 4
		HelloWorld\HelloWorld\HelloWorld.projitems*{be47fb47-3e63-4704-8e9a-d012ebb7d3bd}*SharedItemsImports = 4
		HelloWorld\HelloWorld\HelloWorld.projitems*{cfae49c5-ef84-449b-b73b-2c120db4e570}*SharedItemsImports = 4
		HelloWorld\HelloWorld\HelloWorld.projitems*{fd525a79-e21e-456f-8005-8f4d18591dfe}*SharedItemsImports = 13
	EndGlobalSection
	GlobalSection(SolutionConfigurationPlatforms) = preSolution
		Ad-Hoc|Any CPU = Ad-Hoc|Any CPU
		Ad-Hoc|ARM = Ad-Hoc|ARM
		Ad-Hoc|iPhone = Ad-Hoc|iPhone
		Ad-Hoc|iPhoneSimulator = Ad-Hoc|iPhoneSimulator
		Ad-Hoc|x64 = Ad-Hoc|x64
		Ad-Hoc|x86 = Ad-Hoc|x86
		AppStore|Any CPU = AppStore|Any CPU
		AppStore|ARM = AppStore|ARM
		AppStore|iPhone = AppStore|iPhone
		AppStore|iPhoneSimulator = AppStore|iPhoneSimulator
		AppStore|x64 = AppStore|x64
		AppStore|x86 = AppStore|x86
		Debug|Any CPU = Debug|Any CPU
		Debug|ARM = Debug|ARM
		Debug|iPhone = Debug|iPhone
		Debug|iPhoneSimulator = Debug|iPhoneSimulator
		Debug|x64 = Debug|x64
		Debug|x86 = Debug|x86
		Release|Any CPU = Release|Any CPU
		Release|ARM = Release|ARM
		Release|iPhone = Release|iPhone
		Release|iPhoneSimulator = Release|iPhoneSimulator
		Release|x64 = Release|x64
		Release|x86 = Release|x86
	EndGlobalSection
	GlobalSection(ProjectConfigurationPlatforms) = postSolution
		{8A545055-AF0E-43D1-BA79-294A85778180}.Ad-Hoc|Any CPU.ActiveCfg = Release|Any CPU
		{8A545055-AF0E-43D1-BA79-294A85778180}.Ad-Hoc|Any CPU.Build.0 = Release|Any CPU
		{8A545055-AF0E-43D1-BA79-294A85778180}.Ad-Hoc|Any CPU.Deploy.0 = Release|Any CPU
		{8A545055-AF0E-43D1-BA79-294A85778180}.Ad-Hoc|ARM.ActiveCfg = Release|Any CPU
		{8A545055-AF0E-43D1-BA79-294A85778180}.Ad-Hoc|ARM.Build.0 = Release|Any CPU
		{8A545055-AF0E-43D1-BA79-294A85778180}.Ad-Hoc|ARM.Deploy.0 = Release|Any CPU
		{8A545055-AF0E-43D1-BA79-294A85778180}.Ad-Hoc|iPhone.ActiveCfg = Release|Any CPU
		{8A545055-AF0E-43D1-BA79-294A85778180}.Ad-Hoc|iPhone.Build.0 = Release|Any CPU
		{8A545055-AF0E-43D1-BA79-294A85778180}.Ad-Hoc|iPhone.Deploy.0 = Release|Any CPU
		{8A545055-AF0E-43D1-BA79-294A85778180}.Ad-Hoc|iPhoneSimulator.ActiveCfg = Release|Any CPU
		{8A545055-AF0E-43D1-BA79-294A85778180}.Ad-Hoc|iPhoneSimulator.Build.0 = Release|Any CPU
		{8A545055-AF0E-43D1-BA79-294A85778180}.Ad-Hoc|iPhoneSimulator.Deploy.0 = Release|Any CPU
		{8A545055-AF0E-43D1-BA79-294A85778180}.Ad-Hoc|x64.ActiveCfg = Release|Any CPU
		{8A545055-AF0E-43D1-BA79-294A85778180}.Ad-Hoc|x64.Build.0 = Release|Any CPU
		{8A545055-AF0E-43D1-BA79-294A85778180}.Ad-Hoc|x64.Deploy.0 = Release|Any CPU
		{8A545055-AF0E-43D1-BA79-294A85778180}.Ad-Hoc|x86.ActiveCfg = Release|Any CPU
		{8A545055-AF0E-43D1-BA79-294A85778180}.Ad-Hoc|x86.Build.0 = Release|Any CPU
		{8A545055-AF0E-43D1-BA79-294A85778180}.Ad-Hoc|x86.Deploy.0 = Release|Any CPU
		{8A545055-AF0E-43D1-BA79-294A85778180}.AppStore|Any CPU.ActiveCfg = Release|Any CPU
		{8A545055-AF0E-43D1-BA79-294A85778180}.AppStore|Any CPU.Build.0 = Release|Any CPU
		{8A545055-AF0E-43D1-BA79-294A85778180}.AppStore|Any CPU.Deploy.0 = Release|Any CPU
		{8A545055-AF0E-43D1-BA79-294A85778180}.AppStore|ARM.ActiveCfg = Release|Any CPU
		{8A545055-AF0E-43D1-BA79-294A85778180}.AppStore|ARM.Build.0 = Release|Any CPU
		{8A545055-AF0E-43D1-BA79-294A85778180}.AppStore|ARM.Deploy.0 = Release|Any CPU
		{8A545055-AF0E-43D1-BA79-294A85778180}.AppStore|iPhone.ActiveCfg = Release|Any CPU
		{8A545055-AF0E-43D1-BA79-294A85778180}.AppStore|iPhone.Build.0 = Release|Any CPU
		{8A545055-AF0E-43D1-BA79-294A85778180}.AppStore|iPhone.Deploy.0 = Release|Any CPU
		{8A545055-AF0E-43D1-BA79-294A85778180}.AppStore|iPhoneSimulator.ActiveCfg = Release|Any CPU
		{8A545055-AF0E-43D1-BA79-294A85778180}.AppStore|iPhoneSimulator.Build.0 = Release|Any CPU
		{8A545055-AF0E-43D1-BA79-294A85778180}.AppStore|iPhoneSimulator.Deploy.0 = Release|Any CPU
		{8A545055-AF0E-43D1-BA79-294A85778180}.AppStore|x64.ActiveCfg = Release|Any CPU
		{8A545055-AF0E-43D1-BA79-294A85778180}.AppStore|x64.Build.0 = Release|Any CPU
		{8A545055-AF0E-43D1-BA79-294A85778180}.AppStore|x64.Deploy.0 = Release|Any CPU
		{8A545055-AF0E-43D1-BA79-294A85778180}.AppStore|x86.ActiveCfg = Release|Any CPU
		{8A545055-AF0E-43D1-BA79-294A85778180}.AppStore|x86.Build.0 = Release|Any CPU
		{8A545055-AF0E-43D1-BA79-294A85778180}.AppStore|x86.Deploy.0 = Release|Any CPU
		{8A545055-AF0E-43D1-BA79-294A85778180}.Debug|Any CPU.ActiveCfg = Debug|Any CPU
		{8A545055-AF0E-43D1-BA79-294A85778180}.Debug|Any CPU.Build.0 = Debug|Any CPU
		{8A545055-AF0E-43D1-BA79-294A85778180}.Debug|Any CPU.Deploy.0 = Debug|Any CPU
		{8A545055-AF0E-43D1-BA79-294A85778180}.Debug|ARM.ActiveCfg = Debug|Any CPU
		{8A545055-AF0E-43D1-BA79-294A85778180}.Debug|ARM.Build.0 = Debug|Any CPU
		{8A545055-AF0E-43D1-BA79-294A85778180}.Debug|ARM.Deploy.0 = Debug|Any CPU
		{8A545055-AF0E-43D1-BA79-294A85778180}.Debug|iPhone.ActiveCfg = Debug|Any CPU
		{8A545055-AF0E-43D1-BA79-294A85778180}.Debug|iPhone.Build.0 = Debug|Any CPU
		{8A545055-AF0E-43D1-BA79-294A85778180}.Debug|iPhone.Deploy.0 = Debug|Any CPU
		{8A545055-AF0E-43D1-BA79-294A85778180}.Debug|iPhoneSimulator.ActiveCfg = Debug|Any CPU
		{8A545055-AF0E-43D1-BA79-294A85778180}.Debug|iPhoneSimulator.Build.0 = Debug|Any CPU
		{8A545055-AF0E-43D1-BA79-294A85778180}.Debug|iPhoneSimulator.Deploy.0 = Debug|Any CPU
		{8A545055-AF0E-43D1-BA79-294A85778180}.Debug|x64.ActiveCfg = Debug|Any CPU
		{8A545055-AF0E-43D1-BA79-294A85778180}.Debug|x64.Build.0 = Debug|Any CPU
		{8A545055-AF0E-43D1-BA79-294A85778180}.Debug|x64.Deploy.0 = Debug|Any CPU
		{8A545055-AF0E-43D1-BA79-294A85778180}.Debug|x86.ActiveCfg = Debug|Any CPU
		{8A545055-AF0E-43D1-BA79-294A85778180}.Debug|x86.Build.0 = Debug|Any CPU
		{8A545055-AF0E-43D1-BA79-294A85778180}.Debug|x86.Deploy.0 = Debug|Any CPU
		{8A545055-AF0E-43D1-BA79-294A85778180}.Release|Any CPU.ActiveCfg = Release|Any CPU
		{8A545055-AF0E-43D1-BA79-294A85778180}.Release|Any CPU.Build.0 = Release|Any CPU
		{8A545055-AF0E-43D1-BA79-294A85778180}.Release|Any CPU.Deploy.0 = Release|Any CPU
		{8A545055-AF0E-43D1-BA79-294A85778180}.Release|ARM.ActiveCfg = Release|Any CPU
		{8A545055-AF0E-43D1-BA79-294A85778180}.Release|ARM.Build.0 = Release|Any CPU
		{8A545055-AF0E-43D1-BA79-294A85778180}.Release|ARM.Deploy.0 = Release|Any CPU
		{8A545055-AF0E-43D1-BA79-294A85778180}.Release|iPhone.ActiveCfg = Release|Any CPU
		{8A545055-AF0E-43D1-BA79-294A85778180}.Release|iPhone.Build.0 = Release|Any CPU
		{8A545055-AF0E-43D1-BA79-294A85778180}.Release|iPhone.Deploy.0 = Release|Any CPU
		{8A545055-AF0E-43D1-BA79-294A85778180}.Release|iPhoneSimulator.ActiveCfg = Release|Any CPU
		{8A545055-AF0E-43D1-BA79-294A85778180}.Release|iPhoneSimulator.Build.0 = Release|Any CPU
		{8A545055-AF0E-43D1-BA79-294A85778180}.Release|iPhoneSimulator.Deploy.0 = Release|Any CPU
		{8A545055-AF0E-43D1-BA79-294A85778180}.Release|x64.ActiveCfg = Release|Any CPU
		{8A545055-AF0E-43D1-BA79-294A85778180}.Release|x64.Build.0 = Release|Any CPU
		{8A545055-AF0E-43D1-BA79-294A85778180}.Release|x64.Deploy.0 = Release|Any CPU
		{8A545055-AF0E-43D1-BA79-294A85778180}.Release|x86.ActiveCfg = Release|Any CPU
		{8A545055-AF0E-43D1-BA79-294A85778180}.Release|x86.Build.0 = Release|Any CPU
		{8A545055-AF0E-43D1-BA79-294A85778180}.Release|x86.Deploy.0 = Release|Any CPU
		{BE47FB47-3E63-4704-8E9A-D012EBB7D3BD}.Ad-Hoc|Any CPU.ActiveCfg = Ad-Hoc|iPhone
		{BE47FB47-3E63-4704-8E9A-D012EBB7D3BD}.Ad-Hoc|Any CPU.Build.0 = Ad-Hoc|iPhone
		{BE47FB47-3E63-4704-8E9A-D012EBB7D3BD}.Ad-Hoc|Any CPU.Deploy.0 = Ad-Hoc|iPhone
		{BE47FB47-3E63-4704-8E9A-D012EBB7D3BD}.Ad-Hoc|ARM.ActiveCfg = Ad-Hoc|iPhone
		{BE47FB47-3E63-4704-8E9A-D012EBB7D3BD}.Ad-Hoc|ARM.Build.0 = Ad-Hoc|iPhone
		{BE47FB47-3E63-4704-8E9A-D012EBB7D3BD}.Ad-Hoc|ARM.Deploy.0 = Ad-Hoc|iPhone
		{BE47FB47-3E63-4704-8E9A-D012EBB7D3BD}.Ad-Hoc|iPhone.ActiveCfg = Ad-Hoc|iPhone
		{BE47FB47-3E63-4704-8E9A-D012EBB7D3BD}.Ad-Hoc|iPhone.Build.0 = Ad-Hoc|iPhone
		{BE47FB47-3E63-4704-8E9A-D012EBB7D3BD}.Ad-Hoc|iPhone.Deploy.0 = Ad-Hoc|iPhone
		{BE47FB47-3E63-4704-8E9A-D012EBB7D3BD}.Ad-Hoc|iPhoneSimulator.ActiveCfg = Ad-Hoc|iPhoneSimulator
		{BE47FB47-3E63-4704-8E9A-D012EBB7D3BD}.Ad-Hoc|iPhoneSimulator.Build.0 = Ad-Hoc|iPhoneSimulator
		{BE47FB47-3E63-4704-8E9A-D012EBB7D3BD}.Ad-Hoc|iPhoneSimulator.Deploy.0 = Ad-Hoc|iPhoneSimulator
		{BE47FB47-3E63-4704-8E9A-D012EBB7D3BD}.Ad-Hoc|x64.ActiveCfg = Ad-Hoc|iPhone
		{BE47FB47-3E63-4704-8E9A-D012EBB7D3BD}.Ad-Hoc|x64.Build.0 = Ad-Hoc|iPhone
		{BE47FB47-3E63-4704-8E9A-D012EBB7D3BD}.Ad-Hoc|x64.Deploy.0 = Ad-Hoc|iPhone
		{BE47FB47-3E63-4704-8E9A-D012EBB7D3BD}.Ad-Hoc|x86.ActiveCfg = Ad-Hoc|iPhone
		{BE47FB47-3E63-4704-8E9A-D012EBB7D3BD}.Ad-Hoc|x86.Build.0 = Ad-Hoc|iPhone
		{BE47FB47-3E63-4704-8E9A-D012EBB7D3BD}.Ad-Hoc|x86.Deploy.0 = Ad-Hoc|iPhone
		{BE47FB47-3E63-4704-8E9A-D012EBB7D3BD}.AppStore|Any CPU.ActiveCfg = AppStore|iPhone
		{BE47FB47-3E63-4704-8E9A-D012EBB7D3BD}.AppStore|Any CPU.Build.0 = AppStore|iPhone
		{BE47FB47-3E63-4704-8E9A-D012EBB7D3BD}.AppStore|Any CPU.Deploy.0 = AppStore|iPhone
		{BE47FB47-3E63-4704-8E9A-D012EBB7D3BD}.AppStore|ARM.ActiveCfg = AppStore|iPhone
		{BE47FB47-3E63-4704-8E9A-D012EBB7D3BD}.AppStore|ARM.Build.0 = AppStore|iPhone
		{BE47FB47-3E63-4704-8E9A-D012EBB7D3BD}.AppStore|ARM.Deploy.0 = AppStore|iPhone
		{BE47FB47-3E63-4704-8E9A-D012EBB7D3BD}.AppStore|iPhone.ActiveCfg = AppStore|iPhone
		{BE47FB47-3E63-4704-8E9A-D012EBB7D3BD}.AppStore|iPhone.Build.0 = AppStore|iPhone
		{BE47FB47-3E63-4704-8E9A-D012EBB7D3BD}.AppStore|iPhone.Deploy.0 = AppStore|iPhone
		{BE47FB47-3E63-4704-8E9A-D012EBB7D3BD}.AppStore|iPhoneSimulator.ActiveCfg = AppStore|iPhoneSimulator
		{BE47FB47-3E63-4704-8E9A-D012EBB7D3BD}.AppStore|iPhoneSimulator.Build.0 = AppStore|iPhoneSimulator
		{BE47FB47-3E63-4704-8E9A-D012EBB7D3BD}.AppStore|iPhoneSimulator.Deploy.0 = AppStore|iPhoneSimulator
		{BE47FB47-3E63-4704-8E9A-D012EBB7D3BD}.AppStore|x64.ActiveCfg = AppStore|iPhone
		{BE47FB47-3E63-4704-8E9A-D012EBB7D3BD}.AppStore|x64.Build.0 = AppStore|iPhone
		{BE47FB47-3E63-4704-8E9A-D012EBB7D3BD}.AppStore|x64.Deploy.0 = AppStore|iPhone
		{BE47FB47-3E63-4704-8E9A-D012EBB7D3BD}.AppStore|x86.ActiveCfg = AppStore|iPhone
		{BE47FB47-3E63-4704-8E9A-D012EBB7D3BD}.AppStore|x86.Build.0 = AppStore|iPhone
		{BE47FB47-3E63-4704-8E9A-D012EBB7D3BD}.AppStore|x86.Deploy.0 = AppStore|iPhone
		{BE47FB47-3E63-4704-8E9A-D012EBB7D3BD}.Debug|Any CPU.ActiveCfg = Debug|iPhone
		{BE47FB47-3E63-4704-8E9A-D012EBB7D3BD}.Debug|Any CPU.Build.0 = Debug|iPhone
		{BE47FB47-3E63-4704-8E9A-D012EBB7D3BD}.Debug|Any CPU.Deploy.0 = Debug|iPhone
		{BE47FB47-3E63-4704-8E9A-D012EBB7D3BD}.Debug|ARM.ActiveCfg = Debug|iPhone
		{BE47FB47-3E63-4704-8E9A-D012EBB7D3BD}.Debug|ARM.Build.0 = Debug|iPhone
		{BE47FB47-3E63-4704-8E9A-D012EBB7D3BD}.Debug|ARM.Deploy.0 = Debug|iPhone
		{BE47FB47-3E63-4704-8E9A-D012EBB7D3BD}.Debug|iPhone.ActiveCfg = Debug|iPhone
		{BE47FB47-3E63-4704-8E9A-D012EBB7D3BD}.Debug|iPhone.Build.0 = Debug|iPhone
		{BE47FB47-3E63-4704-8E9A-D012EBB7D3BD}.Debug|iPhone.Deploy.0 = Debug|iPhone
		{BE47FB47-3E63-4704-8E9A-D012EBB7D3BD}.Debug|iPhoneSimulator.ActiveCfg = Debug|iPhoneSimulator
		{BE47FB47-3E63-4704-8E9A-D012EBB7D3BD}.Debug|iPhoneSimulator.Build.0 = Debug|iPhoneSimulator
		{BE47FB47-3E63-4704-8E9A-D012EBB7D3BD}.Debug|iPhoneSimulator.Deploy.0 = Debug|iPhoneSimulator
		{BE47FB47-3E63-4704-8E9A-D012EBB7D3BD}.Debug|x64.ActiveCfg = Debug|iPhone
		{BE47FB47-3E63-4704-8E9A-D012EBB7D3BD}.Debug|x64.Build.0 = Debug|iPhone
		{BE47FB47-3E63-4704-8E9A-D012EBB7D3BD}.Debug|x64.Deploy.0 = Debug|iPhone
		{BE47FB47-3E63-4704-8E9A-D012EBB7D3BD}.Debug|x86.ActiveCfg = Debug|iPhoneSimulator
		{BE47FB47-3E63-4704-8E9A-D012EBB7D3BD}.Debug|x86.Build.0 = Debug|iPhoneSimulator
		{BE47FB47-3E63-4704-8E9A-D012EBB7D3BD}.Debug|x86.Deploy.0 = Debug|iPhoneSimulator
		{BE47FB47-3E63-4704-8E9A-D012EBB7D3BD}.Release|Any CPU.ActiveCfg = Release|iPhone
		{BE47FB47-3E63-4704-8E9A-D012EBB7D3BD}.Release|Any CPU.Build.0 = Release|iPhone
		{BE47FB47-3E63-4704-8E9A-D012EBB7D3BD}.Release|Any CPU.Deploy.0 = Release|iPhone
		{BE47FB47-3E63-4704-8E9A-D012EBB7D3BD}.Release|ARM.ActiveCfg = Release|iPhone
		{BE47FB47-3E63-4704-8E9A-D012EBB7D3BD}.Release|ARM.Build.0 = Release|iPhone
		{BE47FB47-3E63-4704-8E9A-D012EBB7D3BD}.Release|ARM.Deploy.0 = Release|iPhone
		{BE47FB47-3E63-4704-8E9A-D012EBB7D3BD}.Release|iPhone.ActiveCfg = Release|iPhone
		{BE47FB47-3E63-4704-8E9A-D012EBB7D3BD}.Release|iPhone.Build.0 = Release|iPhone
		{BE47FB47-3E63-4704-8E9A-D012EBB7D3BD}.Release|iPhone.Deploy.0 = Release|iPhone
		{BE47FB47-3E63-4704-8E9A-D012EBB7D3BD}.Release|iPhoneSimulator.ActiveCfg = Release|iPhoneSimulator
		{BE47FB47-3E63-4704-8E9A-D012EBB7D3BD}.Release|iPhoneSimulator.Build.0 = Release|iPhoneSimulator
		{BE47FB47-3E63-4704-8E9A-D012EBB7D3BD}.Release|iPhoneSimulator.Deploy.0 = Release|iPhoneSimulator
		{BE47FB47-3E63-4704-8E9A-D012EBB7D3BD}.Release|x64.ActiveCfg = Release|iPhone
		{BE47FB47-3E63-4704-8E9A-D012EBB7D3BD}.Release|x64.Build.0 = Release|iPhone
		{BE47FB47-3E63-4704-8E9A-D012EBB7D3BD}.Release|x64.Deploy.0 = Release|iPhone
		{BE47FB47-3E63-4704-8E9A-D012EBB7D3BD}.Release|x86.ActiveCfg = Release|iPhone
		{BE47FB47-3E63-4704-8E9A-D012EBB7D3BD}.Release|x86.Build.0 = Release|iPhone
		{BE47FB47-3E63-4704-8E9A-D012EBB7D3BD}.Release|x86.Deploy.0 = Release|iPhone
		{CFAE49C5-EF84-449B-B73B-2C120DB4E570}.Ad-Hoc|Any CPU.ActiveCfg = Release|x86
		{CFAE49C5-EF84-449B-B73B-2C120DB4E570}.Ad-Hoc|Any CPU.Build.0 = Release|x86
		{CFAE49C5-EF84-449B-B73B-2C120DB4E570}.Ad-Hoc|Any CPU.Deploy.0 = Release|x86
		{CFAE49C5-EF84-449B-B73B-2C120DB4E570}.Ad-Hoc|ARM.ActiveCfg = Release|ARM
		{CFAE49C5-EF84-449B-B73B-2C120DB4E570}.Ad-Hoc|ARM.Build.0 = Release|ARM
		{CFAE49C5-EF84-449B-B73B-2C120DB4E570}.Ad-Hoc|ARM.Deploy.0 = Release|ARM
		{CFAE49C5-EF84-449B-B73B-2C120DB4E570}.Ad-Hoc|iPhone.ActiveCfg = Release|x86
		{CFAE49C5-EF84-449B-B73B-2C120DB4E570}.Ad-Hoc|iPhone.Build.0 = Release|x86
		{CFAE49C5-EF84-449B-B73B-2C120DB4E570}.Ad-Hoc|iPhone.Deploy.0 = Release|x86
		{CFAE49C5-EF84-449B-B73B-2C120DB4E570}.Ad-Hoc|iPhoneSimulator.ActiveCfg = Release|x86
		{CFAE49C5-EF84-449B-B73B-2C120DB4E570}.Ad-Hoc|iPhoneSimulator.Build.0 = Release|x86
		{CFAE49C5-EF84-449B-B73B-2C120DB4E570}.Ad-Hoc|iPhoneSimulator.Deploy.0 = Release|x86
		{CFAE49C5-EF84-449B-B73B-2C120DB4E570}.Ad-Hoc|x64.ActiveCfg = Release|x64
		{CFAE49C5-EF84-449B-B73B-2C120DB4E570}.Ad-Hoc|x64.Build.0 = Release|x64
		{CFAE49C5-EF84-449B-B73B-2C120DB4E570}.Ad-Hoc|x64.Deploy.0 = Release|x64
		{CFAE49C5-EF84-449B-B73B-2C120DB4E570}.Ad-Hoc|x86.ActiveCfg = Release|x86
		{CFAE49C5-EF84-449B-B73B-2C120DB4E570}.Ad-Hoc|x86.Build.0 = Release|x86
		{CFAE49C5-EF84-449B-B73B-2C120DB4E570}.Ad-Hoc|x86.Deploy.0 = Release|x86
		{CFAE49C5-EF84-449B-B73B-2C120DB4E570}.AppStore|Any CPU.ActiveCfg = Release|x86
		{CFAE49C5-EF84-449B-B73B-2C120DB4E570}.AppStore|Any CPU.Build.0 = Release|x86
		{CFAE49C5-EF84-449B-B73B-2C120DB4E570}.AppStore|Any CPU.Deploy.0 = Release|x86
		{CFAE49C5-EF84-449B-B73B-2C120DB4E570}.AppStore|ARM.ActiveCfg = Release|ARM
		{CFAE49C5-EF84-449B-B73B-2C120DB4E570}.AppStore|ARM.Build.0 = Release|ARM
		{CFAE49C5-EF84-449B-B73B-2C120DB4E570}.AppStore|ARM.Deploy.0 = Release|ARM
		{CFAE49C5-EF84-449B-B73B-2C120DB4E570}.AppStore|iPhone.ActiveCfg = Release|x86
		{CFAE49C5-EF84-449B-B73B-2C120DB4E570}.AppStore|iPhone.Build.0 = Release|x86
		{CFAE49C5-EF84-449B-B73B-2C120DB4E570}.AppStore|iPhone.Deploy.0 = Release|x86
		{CFAE49C5-EF84-449B-B73B-2C120DB4E570}.AppStore|iPhoneSimulator.ActiveCfg = Release|x86
		{CFAE49C5-EF84-449B-B73B-2C120DB4E570}.AppStore|iPhoneSimulator.Build.0 = Release|x86
		{CFAE49C5-EF84-449B-B73B-2C120DB4E570}.AppStore|iPhoneSimulator.Deploy.0 = Release|x86
		{CFAE49C5-EF84-449B-B73B-2C120DB4E570}.AppStore|x64.ActiveCfg = Release|x64
		{CFAE49C5-EF84-449B-B73B-2C120DB4E570}.AppStore|x64.Build.0 = Release|x64
		{CFAE49C5-EF84-449B-B73B-2C120DB4E570}.AppStore|x64.Deploy.0 = Release|x64
		{CFAE49C5-EF84-449B-B73B-2C120DB4E570}.AppStore|x86.ActiveCfg = Release|x86
		{CFAE49C5-EF84-449B-B73B-2C120DB4E570}.AppStore|x86.Build.0 = Release|x86
		{CFAE49C5-EF84-449B-B73B-2C120DB4E570}.AppStore|x86.Deploy.0 = Release|x86
		{CFAE49C5-EF84-449B-B73B-2C120DB4E570}.Debug|Any CPU.ActiveCfg = Debug|x86
		{CFAE49C5-EF84-449B-B73B-2C120DB4E570}.Debug|Any CPU.Build.0 = Debug|x86
		{CFAE49C5-EF84-449B-B73B-2C120DB4E570}.Debug|Any CPU.Deploy.0 = Debug|x86
		{CFAE49C5-EF84-449B-B73B-2C120DB4E570}.Debug|ARM.ActiveCfg = Debug|ARM
		{CFAE49C5-EF84-449B-B73B-2C120DB4E570}.Debug|ARM.Build.0 = Debug|ARM
		{CFAE49C5-EF84-449B-B73B-2C120DB4E570}.Debug|ARM.Deploy.0 = Debug|ARM
		{CFAE49C5-EF84-449B-B73B-2C120DB4E570}.Debug|iPhone.ActiveCfg = Debug|x86
		{CFAE49C5-EF84-449B-B73B-2C120DB4E570}.Debug|iPhone.Build.0 = Debug|x86
		{CFAE49C5-EF84-449B-B73B-2C120DB4E570}.Debug|iPhone.Deploy.0 = Debug|x86
		{CFAE49C5-EF84-449B-B73B-2C120DB4E570}.Debug|iPhoneSimulator.ActiveCfg = Debug|x86
		{CFAE49C5-EF84-449B-B73B-2C120DB4E570}.Debug|iPhoneSimulator.Build.0 = Debug|x86
		{CFAE49C5-EF84-449B-B73B-2C120DB4E570}.Debug|iPhoneSimulator.Deploy.0 = Debug|x86
		{CFAE49C5-EF84-449B-B73B-2C120DB4E570}.Debug|x64.ActiveCfg = Debug|x64
		{CFAE49C5-EF84-449B-B73B-2C120DB4E570}.Debug|x64.Build.0 = Debug|x64
		{CFAE49C5-EF84-449B-B73B-2C120DB4E570}.Debug|x64.Deploy.0 = Debug|x64
		{CFAE49C5-EF84-449B-B73B-2C120DB4E570}.Debug|x86.ActiveCfg = Debug|x86
		{CFAE49C5-EF84-449B-B73B-2C120DB4E570}.Debug|x86.Build.0 = Debug|x86
		{CFAE49C5-EF84-449B-B73B-2C120DB4E570}.Debug|x86.Deploy.0 = Debug|x86
		{CFAE49C5-EF84-449B-B73B-2C120DB4E570}.Release|Any CPU.ActiveCfg = Release|x86
		{CFAE49C5-EF84-449B-B73B-2C120DB4E570}.Release|Any CPU.Build.0 = Release|x86
		{CFAE49C5-EF84-449B-B73B-2C120DB4E570}.Release|Any CPU.Deploy.0 = Release|x86
		{CFAE49C5-EF84-449B-B73B-2C120DB4E570}.Release|ARM.ActiveCfg = Release|ARM
		{CFAE49C5-EF84-449B-B73B-2C120DB4E570}.Release|ARM.Build.0 = Release|ARM
		{CFAE49C5-EF84-449B-B73B-2C120DB4E570}.Release|ARM.Deploy.0 = Release|ARM
		{CFAE49C5-EF84-449B-B73B-2C120DB4E570}.Release|iPhone.ActiveCfg = Release|x86
		{CFAE49C5-EF84-449B-B73B-2C120DB4E570}.Release|iPhone.Build.0 = Release|x86
		{CFAE49C5-EF84-449B-B73B-2C120DB4E570}.Release|iPhone.Deploy.0 = Release|x86
		{CFAE49C5-EF84-449B-B73B-2C120DB4E570}.Release|iPhoneSimulator.ActiveCfg = Release|x86
		{CFAE49C5-EF84-449B-B73B-2C120DB4E570}.Release|iPhoneSimulator.Build.0 = Release|x86
		{CFAE49C5-EF84-449B-B73B-2C120DB4E570}.Release|iPhoneSimulator.Deploy.0 = Release|x86
		{CFAE49C5-EF84-449B-B73B-2C120DB4E570}.Release|x64.ActiveCfg = Release|x64
		{CFAE49C5-EF84-449B-B73B-2C120DB4E570}.Release|x64.Build.0 = Release|x64
		{CFAE49C5-EF84-449B-B73B-2C120DB4E570}.Release|x64.Deploy.0 = Release|x64
		{CFAE49C5-EF84-449B-B73B-2C120DB4E570}.Release|x86.ActiveCfg = Release|x86
		{CFAE49C5-EF84-449B-B73B-2C120DB4E570}.Release|x86.Build.0 = Release|x86
		{CFAE49C5-EF84-449B-B73B-2C120DB4E570}.Release|x86.Deploy.0 = Release|x86
	EndGlobalSection
	GlobalSection(SolutionProperties) = preSolution
		HideSolutionNode = FALSE
	EndGlobalSection
	GlobalSection(ExtensibilityGlobals) = postSolution
		SolutionGuid = {40554D98-7713-41EB-A580-1FCCFDB95D13}
	EndGlobalSection
EndGlobal
